
Microsoft Visual Studio Solution File, Format Version 12.00
# Visual Studio Version 17
VisualStudioVersion = 17.2.32526.322
MinimumVisualStudioVersion = 10.0.40219.1
Project("{9A19103F-16F7-4668-BE54-9A1E7A4F7556}") = "100Days.ConsoleApp", "100Days.ConsoleApp\100Days.ConsoleApp.csproj", "{EA028D08-7893-4C37-BB94-57C4FEE27319}"
EndProject
Global
	GlobalSection(SolutionConfigurationPlatforms) = preSolution
		Debug|Any CPU = Debug|Any CPU
		Release|Any CPU = Release|Any CPU
	EndGlobalSection
	GlobalSection(ProjectConfigurationPlatforms) = postSolution
		{EA028D08-7893-4C37-BB94-57C4FEE27319}.Debug|Any CPU.ActiveCfg = Debug|Any CPU
		{EA028D08-7893-4C37-BB94-57C4FEE27319}.Debug|Any CPU.Build.0 = Debug|Any CPU
		{EA028D08-7893-4C37-BB94-57C4FEE27319}.Release|Any CPU.ActiveCfg = Release|Any CPU
		{EA028D08-7893-4C37-BB94-57C4FEE27319}.Release|Any CPU.Build.0 = Release|Any CPU
	EndGlobalSection
	GlobalSection(SolutionProperties) = preSolution
		HideSolutionNode = FALSE
	EndGlobalSection
	GlobalSection(ExtensibilityGlobals) = postSolution
		SolutionGuid = {DAAD0925-DF15-4361-93FF-38EEA7FB0918}
	EndGlobalSection
EndGlobal
